github.com/gorilla/schema v1.1.0 h1:CamqUDOFUBqzrvxuz2vEwo8+SUdwsluFh7IlzJh30LY=
github.com/gorilla/schema v1.1.0/go.mod h1:kgLaKoK1FELgZqMAVxx/5cbj0kT+57qxUrAlIO2eleU=
github.com/nathan-osman/go-sunrise v0.0.0-20171121204956-7c449e7c690b h1:nWQAhkNZTyV8tfXIpwSGm97Pd0mM1y9tutJiyWoEhw0=
github.com/nathan-osman/go-sunrise v0.0.0-20171121204956-7c449e7c690b/go.mod h1:kCE4+NvReDuwiJGk03l6QONGmYy805GQP3xGcCm8cBg=
